{
  "name": "kairo-workspace",
  "lockfileVersion": 3,
  "requires": true,
  "packages": {
    "": {
      "name": "kairo-workspace",
      "dependencies": {
        "@ai-sdk/anthropic": "^2.0.0-beta.2",
        "@ai-sdk/azure": "^2.0.0-beta.1",
        "@ai-sdk/google": "^2.0.0-beta.2",
        "@ai-sdk/openai": "^2.0.0-beta.1",
        "ai": "^5.0.0-beta.1"
      }
    },
    "node_modules/@ai-sdk/anthropic": {
      "version": "2.0.0-beta.2",
      "resolved": "https://registry.npmjs.org/@ai-sdk/anthropic/-/anthropic-2.0.0-beta.2.tgz",
      "integrity": "sha512-R+twAaXq8sgYpxYQskl3XgerqjOB9MzKeMQAsXlI1CSoUsGTXXGy87jE7ABheyztUv2HxHHIQje3siCdXabBjw==",
      "license": "Apache-2.0",
      "dependencies": {
        "@ai-sdk/provider": "2.0.0-beta.1",
        "@ai-sdk/provider-utils": "3.0.0-beta.1"
      },
      "engines": {
        "node": ">=18"
      },
      "peerDependencies": {
        "zod": "^3.25.49"
      }
    },
    "node_modules/@ai-sdk/azure": {
      "version": "2.0.0-beta.1",
      "resolved": "https://registry.npmjs.org/@ai-sdk/azure/-/azure-2.0.0-beta.1.tgz",
      "integrity": "sha512-4bJ3yuarxvHQ1X0YYXMJpo37BFgxjmxliC/CUcqq/F74+VfKlfeQxpQ7gZyb3OeQlEZ2WxergHC4ikkrUwujxg==",
      "license": "Apache-2.0",
      "dependencies": {
        "@ai-sdk/openai": "2.0.0-beta.1",
        "@ai-sdk/provider": "2.0.0-beta.1",
        "@ai-sdk/provider-utils": "3.0.0-beta.1"
      },
      "engines": {
        "node": ">=18"
      },
      "peerDependencies": {
        "zod": "^3.25.49"
      }
    },
    "node_modules/@ai-sdk/gateway": {
      "version": "1.0.0-beta.1",
      "resolved": "https://registry.npmjs.org/@ai-sdk/gateway/-/gateway-1.0.0-beta.1.tgz",
      "integrity": "sha512-X1kmMztEkEtjq6PqF5/oATw65KTLQ8Z/MTNFH45qDJuJ/ou38UaLOzmFGhtvXyhJ1WWHueXFyQy/adAkEi+TfQ==",
      "license": "Apache-2.0",
      "dependencies": {
        "@ai-sdk/provider": "2.0.0-beta.1",
        "@ai-sdk/provider-utils": "3.0.0-beta.1"
      },
      "engines": {
        "node": ">=18"
      },
      "peerDependencies": {
        "zod": "^3.25.49"
      }
    },
    "node_modules/@ai-sdk/google": {
      "version": "2.0.0-beta.2",
      "resolved": "https://registry.npmjs.org/@ai-sdk/google/-/google-2.0.0-beta.2.tgz",
      "integrity": "sha512-LOpgWN8OYs+YXvecdoBgCSmdUnJgJMwv4zljbUbfB3aUzQw6Oy+T4BUGGKFKbZNDHppTp6I/vkdWLQCyvJujzQ==",
      "license": "Apache-2.0",
      "dependencies": {
        "@ai-sdk/provider": "2.0.0-beta.1",
        "@ai-sdk/provider-utils": "3.0.0-beta.1"
      },
      "engines": {
        "node": ">=18"
      },
      "peerDependencies": {
        "zod": "^3.25.49"
      }
    },
    "node_modules/@ai-sdk/openai": {
      "version": "2.0.0-beta.1",
      "resolved": "https://registry.npmjs.org/@ai-sdk/openai/-/openai-2.0.0-beta.1.tgz",
      "integrity": "sha512-Shl2lDoncbylj56hjBQ8ykELNqtOhdUrySSA3y/+vUnFQRYVp8ukj+opaO93P9WIt3TG/rk4qdJlfNBFrfyVBg==",
      "license": "Apache-2.0",
      "dependencies": {
        "@ai-sdk/provider": "2.0.0-beta.1",
        "@ai-sdk/provider-utils": "3.0.0-beta.1"
      },
      "engines": {
        "node": ">=18"
      },
      "peerDependencies": {
        "zod": "^3.25.49"
      }
    },
    "node_modules/@ai-sdk/provider": {
      "version": "2.0.0-beta.1",
      "resolved": "https://registry.npmjs.org/@ai-sdk/provider/-/provider-2.0.0-beta.1.tgz",
      "integrity": "sha512-Z8SPncMtS3RsoXITmT7NVwrAq6M44dmw0DoUOYJqNNtCu8iMWuxB8Nxsoqpa0uEEy9R1V1ZThJAXTYgjTUxl3w==",
      "license": "Apache-2.0",
      "dependencies": {
        "json-schema": "^0.4.0"
      },
      "engines": {
        "node": ">=18"
      }
    },
    "node_modules/@ai-sdk/provider-utils": {
      "version": "3.0.0-beta.1",
      "resolved": "https://registry.npmjs.org/@ai-sdk/provider-utils/-/provider-utils-3.0.0-beta.1.tgz",
      "integrity": "sha512-CpxjXZ3IOKSlZbb9lSplZjeOfKdn5fXNpBnKsI9uix54PntpN3dB7l0aACDunzx2fd9NiPzbovj6Zs+VtGIspg==",
      "license": "Apache-2.0",
      "dependencies": {
        "@ai-sdk/provider": "2.0.0-beta.1",
        "@standard-schema/spec": "^1.0.0",
        "eventsource-parser": "^3.0.2",
        "zod-to-json-schema": "^3.24.1"
      },
      "engines": {
        "node": ">=18"
      },
      "peerDependencies": {
        "zod": "^3.25.49"
      }
    },
    "node_modules/@opentelemetry/api": {
      "version": "1.9.0",
      "resolved": "https://registry.npmjs.org/@opentelemetry/api/-/api-1.9.0.tgz",
      "integrity": "sha512-3giAOQvZiH5F9bMlMiv8+GSPMeqg0dbaeo58/0SlA9sxSqZhnUtxzX9/2FzyhS9sWQf5S0GJE0AKBrFqjpeYcg==",
      "license": "Apache-2.0",
      "engines": {
        "node": ">=8.0.0"
      }
    },
    "node_modules/@standard-schema/spec": {
      "version": "1.0.0",
      "resolved": "https://registry.npmjs.org/@standard-schema/spec/-/spec-1.0.0.tgz",
      "integrity": "sha512-m2bOd0f2RT9k8QJx1JN85cZYyH1RqFBdlwtkSlf4tBDYLCiiZnv1fIIwacK6cqwXavOydf0NPToMQgpKq+dVlA==",
      "license": "MIT"
    },
    "node_modules/ai": {
      "version": "5.0.0-beta.1",
      "resolved": "https://registry.npmjs.org/ai/-/ai-5.0.0-beta.1.tgz",
      "integrity": "sha512-J8yqlEBC/cy6+a8rs+bPukmIPMJn43kxD/TNdm/0tqwBpV2bo5amLkCXbwQ/RQVWnHYP3hPENuQ3cZoToq2eEQ==",
      "license": "Apache-2.0",
      "dependencies": {
        "@ai-sdk/gateway": "1.0.0-beta.1",
        "@ai-sdk/provider": "2.0.0-beta.1",
        "@ai-sdk/provider-utils": "3.0.0-beta.1",
        "@opentelemetry/api": "1.9.0"
      },
      "engines": {
        "node": ">=18"
      },
      "peerDependencies": {
        "zod": "^3.25.49"
      }
    },
    "node_modules/eventsource-parser": {
      "version": "3.0.3",
      "resolved": "https://registry.npmjs.org/eventsource-parser/-/eventsource-parser-3.0.3.tgz",
      "integrity": "sha512-nVpZkTMM9rF6AQ9gPJpFsNAMt48wIzB5TQgiTLdHiuO8XEDhUgZEhqKlZWXbIzo9VmJ/HvysHqEaVeD5v9TPvA==",
      "license": "MIT",
      "engines": {
        "node": ">=20.0.0"
      }
    },
    "node_modules/json-schema": {
      "version": "0.4.0",
      "resolved": "https://registry.npmjs.org/json-schema/-/json-schema-0.4.0.tgz",
      "integrity": "sha512-es94M3nTIfsEPisRafak+HDLfHXnKBhV3vU5eqPcS3flIWqcxJWgXHXiey3YrpaNsanY5ei1VoYEbOzijuq9BA==",
      "license": "(AFL-2.1 OR BSD-3-Clause)"
    },
    "node_modules/zod": {
      "version": "3.25.67",
      "resolved": "https://registry.npmjs.org/zod/-/zod-3.25.67.tgz",
      "integrity": "sha512-idA2YXwpCdqUSKRCACDE6ItZD9TZzy3OZMtpfLoh6oPR47lipysRrJfjzMqFxQ3uJuUPyUeWe1r9vLH33xO/Qw==",
      "license": "MIT",
      "peer": true,
      "funding": {
        "url": "https://github.com/sponsors/colinhacks"
      }
    },
    "node_modules/zod-to-json-schema": {
      "version": "3.24.6",
      "resolved": "https://registry.npmjs.org/zod-to-json-schema/-/zod-to-json-schema-3.24.6.tgz",
      "integrity": "sha512-h/z3PKvcTcTetyjl1fkj79MHNEjm+HpD6NXheWjzOekY7kV+lwDYnHw+ivHkijnCSMz1yJaWBD9vu/Fcmk+vEg==",
      "license": "ISC",
      "peerDependencies": {
        "zod": "^3.24.1"
      }
    }
  }
}
